
Microsoft Visual Studio Solution File, Format Version 12.00
# Visual Studio Version 17
VisualStudioVersion = 17.7.34221.43
MinimumVisualStudioVersion = 10.0.40219.1
Project("{F2A71F9B-5D33-465A-A702-920D77279786}") = "SMP Optimizer", "SMP Optimizer\SMP Optimizer.fsproj", "{A0659557-19DA-4983-B233-B12B598F0A03}"
EndProject
Global
	GlobalSection(SolutionConfigurationPlatforms) = preSolution
		Debug|Any CPU = Debug|Any CPU
		Release|Any CPU = Release|Any CPU
	EndGlobalSection
	GlobalSection(ProjectConfigurationPlatforms) = postSolution
		{A0659557-19DA-4983-B233-B12B598F0A03}.Debug|Any CPU.ActiveCfg = Debug|Any CPU
		{A0659557-19DA-4983-B233-B12B598F0A03}.Debug|Any CPU.Build.0 = Debug|Any CPU
		{A0659557-19DA-4983-B233-B12B598F0A03}.Release|Any CPU.ActiveCfg = Release|Any CPU
		{A0659557-19DA-4983-B233-B12B598F0A03}.Release|Any CPU.Build.0 = Release|Any CPU
	EndGlobalSection
	GlobalSection(SolutionProperties) = preSolution
		HideSolutionNode = FALSE
	EndGlobalSection
	GlobalSection(ExtensibilityGlobals) = postSolution
		SolutionGuid = {B824E807-A71B-4EA5-AD87-3B60B7FC0712}
	EndGlobalSection
EndGlobal
